
Microsoft Visual Studio Solution File, Format Version 12.00
# Visual Studio Version 16
VisualStudioVersion = 16.0.31105.61
MinimumVisualStudioVersion = 10.0.40219.1
Project("{FAE04EC0-301F-11D3-BF4B-00C04F79EFBC}") = "WszystkieZadania", "WszystkieZadania\WszystkieZadania.csproj", "{AB72AA5B-361B-4084-A372-3F42F3C686E3}"
EndProject
Global
	GlobalSection(SolutionConfigurationPlatforms) = preSolution
		Debug|Any CPU = Debug|Any CPU
		Release|Any CPU = Release|Any CPU
	EndGlobalSection
	GlobalSection(ProjectConfigurationPlatforms) = postSolution
		{AB72AA5B-361B-4084-A372-3F42F3C686E3}.Debug|Any CPU.ActiveCfg = Debug|Any CPU
		{AB72AA5B-361B-4084-A372-3F42F3C686E3}.Debug|Any CPU.Build.0 = Debug|Any CPU
		{AB72AA5B-361B-4084-A372-3F42F3C686E3}.Release|Any CPU.ActiveCfg = Release|Any CPU
		{AB72AA5B-361B-4084-A372-3F42F3C686E3}.Release|Any CPU.Build.0 = Release|Any CPU
	EndGlobalSection
	GlobalSection(SolutionProperties) = preSolution
		HideSolutionNode = FALSE
	EndGlobalSection
	GlobalSection(ExtensibilityGlobals) = postSolution
		SolutionGuid = {76CDC2CF-E173-45D7-940E-EC0C5AAA8578}
	EndGlobalSection
EndGlobal
